// !$*UTF8*$!
{
	archiveVersion = 1;
	classes = {
	};
	objectVersion = 56;
	objects = {

/* Begin PBXBuildFile section */
		A10000001 /* MontogoApp.swift in Sources */ = {isa = PBXBuildFile; fileRef = A20000001 /* MontogoApp.swift */; };
		A10000002 /* ContentView.swift in Sources */ = {isa = PBXBuildFile; fileRef = A20000002 /* ContentView.swift */; };
		A10000003 /* AppViewModel.swift in Sources */ = {isa = PBXBuildFile; fileRef = A20000003 /* AppViewModel.swift */; };
		A10000004 /* SetupView.swift in Sources */ = {isa = PBXBuildFile; fileRef = A20000004 /* SetupView.swift */; };
		A10000005 /* ConnectingView.swift in Sources */ = {isa = PBXBuildFile; fileRef = A20000005 /* ConnectingView.swift */; };
		A10000006 /* StreamingView.swift in Sources */ = {isa = PBXBuildFile; fileRef = A20000006 /* StreamingView.swift */; };
		A10000007 /* ConnectionCode.swift in Sources */ = {isa = PBXBuildFile; fileRef = A20000007 /* ConnectionCode.swift */; };
		A10000008 /* AuthToken.swift in Sources */ = {isa = PBXBuildFile; fileRef = A20000008 /* AuthToken.swift */; };
		A10000018 /* ConnectionStore.swift in Sources */ = {isa = PBXBuildFile; fileRef = A20000018 /* ConnectionStore.swift */; };
		A10000009 /* Protocol.swift in Sources */ = {isa = PBXBuildFile; fileRef = A20000009 /* Protocol.swift */; };
		A10000010 /* FrameAssembler.swift in Sources */ = {isa = PBXBuildFile; fileRef = A20000010 /* FrameAssembler.swift */; };
		A10000011 /* StreamDecryptor.swift in Sources */ = {isa = PBXBuildFile; fileRef = A20000011 /* StreamDecryptor.swift */; };
		A10000012 /* UDPReceiver.swift in Sources */ = {isa = PBXBuildFile; fileRef = A20000012 /* UDPReceiver.swift */; };
		A10000013 /* H264Decoder.swift in Sources */ = {isa = PBXBuildFile; fileRef = A20000013 /* H264Decoder.swift */; };
		A10000014 /* VideoRenderer.swift in Sources */ = {isa = PBXBuildFile; fileRef = A20000014 /* VideoRenderer.swift */; };
		A10000016 /* FrameTimings.swift in Sources */ = {isa = PBXBuildFile; fileRef = A20000016 /* FrameTimings.swift */; };
		A10000015 /* Assets.xcassets in Resources */ = {isa = PBXBuildFile; fileRef = A20000015 /* Assets.xcassets */; };
		/* VideoToolbox.framework */
		A10000020 /* VideoToolbox.framework in Frameworks */ = {isa = PBXBuildFile; fileRef = A20000020 /* VideoToolbox.framework */; };
		A10000021 /* CoreMedia.framework in Frameworks */ = {isa = PBXBuildFile; fileRef = A20000021 /* CoreMedia.framework */; };
		A10000022 /* Metal.framework in Frameworks */ = {isa = PBXBuildFile; fileRef = A20000022 /* Metal.framework */; };
		A10000023 /* MetalKit.framework in Frameworks */ = {isa = PBXBuildFile; fileRef = A20000023 /* MetalKit.framework */; };
		A10000024 /* Network.framework in Frameworks */ = {isa = PBXBuildFile; fileRef = A20000024 /* Network.framework */; };
/* End PBXBuildFile section */

/* Begin PBXFileReference section */
		A20000001 /* MontogoApp.swift */ = {isa = PBXFileReference; lastKnownFileType = sourcecode.swift; path = MontogoApp.swift; sourceTree = "<group>"; };
		A20000002 /* ContentView.swift */ = {isa = PBXFileReference; lastKnownFileType = sourcecode.swift; path = ContentView.swift; sourceTree = "<group>"; };
		A20000003 /* AppViewModel.swift */ = {isa = PBXFileReference; lastKnownFileType = sourcecode.swift; path = AppViewModel.swift; sourceTree = "<group>"; };
		A20000004 /* SetupView.swift */ = {isa = PBXFileReference; lastKnownFileType = sourcecode.swift; path = SetupView.swift; sourceTree = "<group>"; };
		A20000005 /* ConnectingView.swift */ = {isa = PBXFileReference; lastKnownFileType = sourcecode.swift; path = ConnectingView.swift; sourceTree = "<group>"; };
		A20000006 /* StreamingView.swift */ = {isa = PBXFileReference; lastKnownFileType = sourcecode.swift; path = StreamingView.swift; sourceTree = "<group>"; };
		A20000007 /* ConnectionCode.swift */ = {isa = PBXFileReference; lastKnownFileType = sourcecode.swift; path = ConnectionCode.swift; sourceTree = "<group>"; };
		A20000008 /* AuthToken.swift */ = {isa = PBXFileReference; lastKnownFileType = sourcecode.swift; path = AuthToken.swift; sourceTree = "<group>"; };
		A20000018 /* ConnectionStore.swift */ = {isa = PBXFileReference; lastKnownFileType = sourcecode.swift; path = ConnectionStore.swift; sourceTree = "<group>"; };
		A20000009 /* Protocol.swift */ = {isa = PBXFileReference; lastKnownFileType = sourcecode.swift; path = Protocol.swift; sourceTree = "<group>"; };
		A20000010 /* FrameAssembler.swift */ = {isa = PBXFileReference; lastKnownFileType = sourcecode.swift; path = FrameAssembler.swift; sourceTree = "<group>"; };
		A20000011 /* StreamDecryptor.swift */ = {isa = PBXFileReference; lastKnownFileType = sourcecode.swift; path = StreamDecryptor.swift; sourceTree = "<group>"; };
		A20000012 /* UDPReceiver.swift */ = {isa = PBXFileReference; lastKnownFileType = sourcecode.swift; path = UDPReceiver.swift; sourceTree = "<group>"; };
		A20000013 /* H264Decoder.swift */ = {isa = PBXFileReference; lastKnownFileType = sourcecode.swift; path = H264Decoder.swift; sourceTree = "<group>"; };
		A20000014 /* VideoRenderer.swift */ = {isa = PBXFileReference; lastKnownFileType = sourcecode.swift; path = VideoRenderer.swift; sourceTree = "<group>"; };
		A20000016 /* FrameTimings.swift */ = {isa = PBXFileReference; lastKnownFileType = sourcecode.swift; path = FrameTimings.swift; sourceTree = "<group>"; };
		A20000015 /* Assets.xcassets */ = {isa = PBXFileReference; lastKnownFileType = folder.assetcatalog; path = Assets.xcassets; sourceTree = "<group>"; };
		A20000020 /* VideoToolbox.framework */ = {isa = PBXFileReference; lastKnownFileType = wrapper.framework; name = VideoToolbox.framework; path = System/Library/Frameworks/VideoToolbox.framework; sourceTree = SDKROOT; };
		A20000021 /* CoreMedia.framework */ = {isa = PBXFileReference; lastKnownFileType = wrapper.framework; name = CoreMedia.framework; path = System/Library/Frameworks/CoreMedia.framework; sourceTree = SDKROOT; };
		A20000022 /* Metal.framework */ = {isa = PBXFileReference; lastKnownFileType = wrapper.framework; name = Metal.framework; path = System/Library/Frameworks/Metal.framework; sourceTree = SDKROOT; };
		A20000023 /* MetalKit.framework */ = {isa = PBXFileReference; lastKnownFileType = wrapper.framework; name = MetalKit.framework; path = System/Library/Frameworks/MetalKit.framework; sourceTree = SDKROOT; };
		A20000024 /* Network.framework */ = {isa = PBXFileReference; lastKnownFileType = wrapper.framework; name = Network.framework; path = System/Library/Frameworks/Network.framework; sourceTree = SDKROOT; };
		A30000001 /* Montogo.app */ = {isa = PBXFileReference; explicitFileType = wrapper.application; includeInIndex = 0; path = Montogo.app; sourceTree = BUILT_PRODUCTS_DIR; };
/* End PBXFileReference section */

/* Begin PBXFrameworksBuildPhase section */
		A40000001 /* Frameworks */ = {
			isa = PBXFrameworksBuildPhase;
			buildActionMask = 2147483647;
			files = (
				A10000020 /* VideoToolbox.framework in Frameworks */,
				A10000021 /* CoreMedia.framework in Frameworks */,
				A10000022 /* Metal.framework in Frameworks */,
				A10000023 /* MetalKit.framework in Frameworks */,
				A10000024 /* Network.framework in Frameworks */,
			);
			runOnlyForDeploymentPostprocessing = 0;
		};
/* End PBXFrameworksBuildPhase section */

/* Begin PBXGroup section */
		A50000001 = {
			isa = PBXGroup;
			children = (
				A50000002 /* Montogo */,
				A50000010 /* Frameworks */,
				A50000099 /* Products */,
			);
			sourceTree = "<group>";
		};
		A50000099 /* Products */ = {
			isa = PBXGroup;
			children = (
				A30000001 /* Montogo.app */,
			);
			name = Products;
			sourceTree = "<group>";
		};
		A50000002 /* Montogo */ = {
			isa = PBXGroup;
			children = (
				A20000001 /* MontogoApp.swift */,
				A20000015 /* Assets.xcassets */,
				A50000003 /* UI */,
				A50000004 /* Security */,
				A50000005 /* Network */,
				A50000006 /* Decode */,
				A50000007 /* Render */,
				A50000008 /* Diagnostics */,
			);
			path = Montogo;
			sourceTree = "<group>";
		};
		A50000003 /* UI */ = {
			isa = PBXGroup;
			children = (
				A20000002 /* ContentView.swift */,
				A20000003 /* AppViewModel.swift */,
				A20000004 /* SetupView.swift */,
				A20000005 /* ConnectingView.swift */,
				A20000006 /* StreamingView.swift */,
			);
			path = Sources/UI;
			sourceTree = "<group>";
		};
		A50000004 /* Security */ = {
			isa = PBXGroup;
			children = (
				A20000007 /* ConnectionCode.swift */,
				A20000008 /* AuthToken.swift */,
				A20000018 /* ConnectionStore.swift */,
			);
			path = Sources/Security;
			sourceTree = "<group>";
		};
		A50000005 /* Network */ = {
			isa = PBXGroup;
			children = (
				A20000009 /* Protocol.swift */,
				A20000010 /* FrameAssembler.swift */,
				A20000011 /* StreamDecryptor.swift */,
				A20000012 /* UDPReceiver.swift */,
			);
			path = Sources/Network;
			sourceTree = "<group>";
		};
		A50000006 /* Decode */ = {
			isa = PBXGroup;
			children = (
				A20000013 /* H264Decoder.swift */,
			);
			path = Sources/Decode;
			sourceTree = "<group>";
		};
		A50000007 /* Render */ = {
			isa = PBXGroup;
			children = (
				A20000014 /* VideoRenderer.swift */,
			);
			path = Sources/Render;
			sourceTree = "<group>";
		};
		A50000008 /* Diagnostics */ = {
			isa = PBXGroup;
			children = (
				A20000016 /* FrameTimings.swift */,
			);
			path = Sources/Diagnostics;
			sourceTree = "<group>";
		};
		A50000010 /* Frameworks */ = {
			isa = PBXGroup;
			children = (
				A20000020 /* VideoToolbox.framework */,
				A20000021 /* CoreMedia.framework */,
				A20000022 /* Metal.framework */,
				A20000023 /* MetalKit.framework */,
				A20000024 /* Network.framework */,
			);
			name = Frameworks;
			sourceTree = "<group>";
		};
/* End PBXGroup section */

/* Begin PBXNativeTarget section */
		A60000001 /* Montogo */ = {
			isa = PBXNativeTarget;
			buildConfigurationList = A70000001 /* Build configuration list for PBXNativeTarget "Montogo" */;
			buildPhases = (
				A80000001 /* Sources */,
				A40000001 /* Frameworks */,
				A80000002 /* Resources */,
			);
			buildRules = (
			);
			dependencies = (
			);
			name = Montogo;
			productName = Montogo;
			productReference = A30000001 /* Montogo.app */;
			productType = "com.apple.product-type.application";
		};
/* End PBXNativeTarget section */

/* Begin PBXProject section */
		A90000001 /* Project object */ = {
			isa = PBXProject;
			attributes = {
				BuildIndependentTargetsInParallel = 1;
				LastSwiftUpdateCheck = 1540;
				LastUpgradeCheck = 1540;
				TargetAttributes = {
					A60000001 = {
						CreatedOnToolsVersion = 15.4;
					};
				};
			};
			buildConfigurationList = A70000002 /* Build configuration list for PBXProject "Montogo" */;
			compatibilityVersion = "Xcode 14.0";
			developmentRegion = en;
			hasScannedForEncodings = 0;
			knownRegions = (
				en,
				Base,
			);
			mainGroup = A50000001;
			productRefGroup = A50000099 /* Products */;
			projectDirPath = "";
			projectRoot = "";
			targets = (
				A60000001 /* Montogo */,
			);
		};
/* End PBXProject section */

/* Begin PBXResourcesBuildPhase section */
		A80000002 /* Resources */ = {
			isa = PBXResourcesBuildPhase;
			buildActionMask = 2147483647;
			files = (
				A10000015 /* Assets.xcassets in Resources */,
			);
			runOnlyForDeploymentPostprocessing = 0;
		};
/* End PBXResourcesBuildPhase section */

/* Begin PBXSourcesBuildPhase section */
		A80000001 /* Sources */ = {
			isa = PBXSourcesBuildPhase;
			buildActionMask = 2147483647;
			files = (
				A10000001 /* MontogoApp.swift in Sources */,
				A10000002 /* ContentView.swift in Sources */,
				A10000003 /* AppViewModel.swift in Sources */,
				A10000004 /* SetupView.swift in Sources */,
				A10000005 /* ConnectingView.swift in Sources */,
				A10000006 /* StreamingView.swift in Sources */,
				A10000007 /* ConnectionCode.swift in Sources */,
				A10000008 /* AuthToken.swift in Sources */,
				A10000018 /* ConnectionStore.swift in Sources */,
				A10000009 /* Protocol.swift in Sources */,
				A10000010 /* FrameAssembler.swift in Sources */,
				A10000011 /* StreamDecryptor.swift in Sources */,
				A10000012 /* UDPReceiver.swift in Sources */,
				A10000013 /* H264Decoder.swift in Sources */,
				A10000014 /* VideoRenderer.swift in Sources */,
				A10000016 /* FrameTimings.swift in Sources */,
			);
			runOnlyForDeploymentPostprocessing = 0;
		};
/* End PBXSourcesBuildPhase section */

/* Begin XCBuildConfiguration section */
		A70000010 /* Debug */ = {
			isa = XCBuildConfiguration;
			buildSettings = {
				ALWAYS_SEARCH_USER_PATHS = NO;
				ASSETCATALOG_COMPILER_APPICON_NAME = AppIcon;
				ASSETCATALOG_COMPILER_GLOBAL_ACCENT_COLOR_NAME = AccentColor;
				CODE_SIGN_ENTITLEMENTS = Montogo/Montogo.entitlements;
				CODE_SIGN_STYLE = Automatic;
				COMBINE_HIDPI_IMAGES = YES;
				CURRENT_PROJECT_VERSION = 1;
				DEAD_CODE_STRIPPING = YES;
				ENABLE_HARDENED_RUNTIME = YES;
				GENERATE_INFOPLIST_FILE = YES;
				INFOPLIST_KEY_CFBundleDisplayName = Montogo;
				INFOPLIST_KEY_LSApplicationCategoryType = "public.app-category.utilities";
				INFOPLIST_KEY_LSUIElement = NO;
				INFOPLIST_KEY_NSHumanReadableCopyright = "";
				INFOPLIST_KEY_NSPrincipalClass = NSApplication;
				MACOSX_DEPLOYMENT_TARGET = 13.0;
				MARKETING_VERSION = 1.0;
				PRODUCT_BUNDLE_IDENTIFIER = com.montogo.mac;
				PRODUCT_NAME = "$(TARGET_NAME)";
				SWIFT_EMIT_LOC_STRINGS = YES;
				SWIFT_VERSION = 5.0;
				INFOPLIST_KEY_NSLocalNetworkUsageDescription = "Montogo receives video from your Windows PC on the local network.";
			};
			name = Debug;
		};
		A70000011 /* Release */ = {
			isa = XCBuildConfiguration;
			buildSettings = {
				ALWAYS_SEARCH_USER_PATHS = NO;
				ASSETCATALOG_COMPILER_APPICON_NAME = AppIcon;
				ASSETCATALOG_COMPILER_GLOBAL_ACCENT_COLOR_NAME = AccentColor;
				CODE_SIGN_ENTITLEMENTS = Montogo/Montogo.entitlements;
				CODE_SIGN_STYLE = Automatic;
				COMBINE_HIDPI_IMAGES = YES;
				CURRENT_PROJECT_VERSION = 1;
				DEAD_CODE_STRIPPING = YES;
				ENABLE_HARDENED_RUNTIME = YES;
				GENERATE_INFOPLIST_FILE = YES;
				INFOPLIST_KEY_CFBundleDisplayName = Montogo;
				INFOPLIST_KEY_LSApplicationCategoryType = "public.app-category.utilities";
				INFOPLIST_KEY_LSUIElement = NO;
				INFOPLIST_KEY_NSHumanReadableCopyright = "";
				INFOPLIST_KEY_NSPrincipalClass = NSApplication;
				MACOSX_DEPLOYMENT_TARGET = 13.0;
				MARKETING_VERSION = 1.0;
				PRODUCT_BUNDLE_IDENTIFIER = com.montogo.mac;
				PRODUCT_NAME = "$(TARGET_NAME)";
				SWIFT_EMIT_LOC_STRINGS = YES;
				SWIFT_VERSION = 5.0;
				SWIFT_OPTIMIZATION_LEVEL = "-Onone";
				INFOPLIST_KEY_NSLocalNetworkUsageDescription = "Montogo receives video from your Windows PC on the local network.";
			};
			name = Release;
		};
		A70000020 /* Debug */ = {
			isa = XCBuildConfiguration;
			buildSettings = {
				ALWAYS_SEARCH_USER_PATHS = NO;
				CLANG_ANALYZER_NONNULL = YES;
				CLANG_ANALYZER_NUMBER_SIGN_OVERFLOW = YES;
				CLANG_CXX_LANGUAGE_STANDARD = "gnu++20";
				CLANG_ENABLE_MODULES = YES;
				CLANG_ENABLE_OBJC_ARC = YES;
				CLANG_ENABLE_OBJC_WEAK = YES;
				CLANG_WARN_BLOCK_CAPTURE_AUTORELEASING = YES;
				CLANG_WARN_BOOL_CONVERSION = YES;
				CLANG_WARN_COMMA = YES;
				CLANG_WARN_CONSTANT_CONVERSION = YES;
				CLANG_WARN_DEPRECATED_OBJC_IMPLEMENTATIONS = YES;
				CLANG_WARN_DIRECT_IVAR_ACCESS = YES;
				CLANG_WARN_EMPTY_BODY = YES;
				CLANG_WARN_ENUM_CONVERSION = YES;
				CLANG_WARN_INFINITE_RECURSION = YES;
				CLANG_WARN_INT_CONVERSION = YES;
				CLANG_WARN_NON_LITERAL_NULL_CONVERSION = YES;
				CLANG_WARN_OBJC_IMPLICIT_RETAIN_SELF = YES;
				CLANG_WARN_OBJC_LITERAL_CONVERSION = YES;
				CLANG_WARN_OBJC_ROOT_CLASS = YES_ERROR;
				CLANG_WARN_QUOTED_INCLUDE_IN_FRAMEWORK_HEADER = YES;
				CLANG_WARN_RANGE_LOOP_ANALYSIS = YES;
				CLANG_WARN_STRICT_PROTOTYPES = YES;
				CLANG_WARN_SUSPICIOUS_MOVE = YES;
				CLANG_WARN_UNGUARDED_AVAILABILITY = YES_AGGRESSIVE;
				CLANG_WARN_UNREACHABLE_CODE = YES;
				CLANG_WARN__DUPLICATE_METHOD_MATCH = YES;
				COPY_PHASE_STRIP = NO;
				DEBUG_INFORMATION_FORMAT = dwarf;
				ENABLE_STRICT_OBJC_MSGSEND = YES;
				ENABLE_TESTABILITY = YES;
				GCC_C_LANGUAGE_STANDARD = gnu17;
				GCC_DYNAMIC_NO_PIC = NO;
				GCC_NO_COMMON_BLOCKS = YES;
				GCC_OPTIMIZATION_LEVEL = 0;
				GCC_PREPROCESSOR_DEFINITIONS = (
					"DEBUG=1",
					"$(inherited)",
				);
				GCC_WARN_64_TO_32_BIT_CONVERSION = YES;
				GCC_WARN_ABOUT_RETURN_TYPE = YES_ERROR;
				GCC_WARN_UNDECLARED_SELECTOR = YES;
				GCC_WARN_UNINITIALIZED_AUTOS = YES_AGGRESSIVE;
				GCC_WARN_UNUSED_FUNCTION = YES;
				GCC_WARN_UNUSED_VARIABLE = YES;
				LOCALIZATION_PREFERS_STRING_CATALOGS = YES;
				MTL_ENABLE_DEBUG_INFO = INCLUDE_SOURCE;
				MTL_FAST_MATH = YES;
				ONLY_ACTIVE_ARCH = YES;
				SDKROOT = macosx;
				SWIFT_ACTIVE_COMPILATION_CONDITIONS = DEBUG;
				SWIFT_OPTIMIZATION_LEVEL = "-Onone";
			};
			name = Debug;
		};
		A70000021 /* Release */ = {
			isa = XCBuildConfiguration;
			buildSettings = {
				ALWAYS_SEARCH_USER_PATHS = NO;
				CLANG_ANALYZER_NONNULL = YES;
				CLANG_ANALYZER_NUMBER_SIGN_OVERFLOW = YES;
				CLANG_CXX_LANGUAGE_STANDARD = "gnu++20";
				CLANG_ENABLE_MODULES = YES;
				CLANG_ENABLE_OBJC_ARC = YES;
				CLANG_ENABLE_OBJC_WEAK = YES;
				CLANG_WARN_BLOCK_CAPTURE_AUTORELEASING = YES;
				CLANG_WARN_BOOL_CONVERSION = YES;
				CLANG_WARN_COMMA = YES;
				CLANG_WARN_CONSTANT_CONVERSION = YES;
				CLANG_WARN_DEPRECATED_OBJC_IMPLEMENTATIONS = YES;
				CLANG_WARN_DIRECT_IVAR_ACCESS = YES;
				CLANG_WARN_EMPTY_BODY = YES;
				CLANG_WARN_ENUM_CONVERSION = YES;
				CLANG_WARN_INFINITE_RECURSION = YES;
				CLANG_WARN_INT_CONVERSION = YES;
				CLANG_WARN_NON_LITERAL_NULL_CONVERSION = YES;
				CLANG_WARN_OBJC_IMPLICIT_RETAIN_SELF = YES;
				CLANG_WARN_OBJC_LITERAL_CONVERSION = YES;
				CLANG_WARN_OBJC_ROOT_CLASS = YES_ERROR;
				CLANG_WARN_QUOTED_INCLUDE_IN_FRAMEWORK_HEADER = YES;
				CLANG_WARN_RANGE_LOOP_ANALYSIS = YES;
				CLANG_WARN_STRICT_PROTOTYPES = YES;
				CLANG_WARN_SUSPICIOUS_MOVE = YES;
				CLANG_WARN_UNGUARDED_AVAILABILITY = YES_AGGRESSIVE;
				CLANG_WARN_UNREACHABLE_CODE = YES;
				CLANG_WARN__DUPLICATE_METHOD_MATCH = YES;
				COPY_PHASE_STRIP = NO;
				DEBUG_INFORMATION_FORMAT = "dwarf-with-dsym";
				ENABLE_NS_ASSERTIONS = NO;
				ENABLE_STRICT_OBJC_MSGSEND = YES;
				GCC_C_LANGUAGE_STANDARD = gnu17;
				GCC_NO_COMMON_BLOCKS = YES;
				GCC_WARN_64_TO_32_BIT_CONVERSION = YES;
				GCC_WARN_ABOUT_RETURN_TYPE = YES_ERROR;
				GCC_WARN_UNDECLARED_SELECTOR = YES;
				GCC_WARN_UNINITIALIZED_AUTOS = YES_AGGRESSIVE;
				GCC_WARN_UNUSED_FUNCTION = YES;
				GCC_WARN_UNUSED_VARIABLE = YES;
				LOCALIZATION_PREFERS_STRING_CATALOGS = YES;
				MTL_ENABLE_DEBUG_INFO = NO;
				MTL_FAST_MATH = YES;
				SDKROOT = macosx;
				SWIFT_COMPILATION_MODE = wholemodule;
				SWIFT_OPTIMIZATION_LEVEL = "-O";
			};
			name = Release;
		};
/* End XCBuildConfiguration section */

/* Begin XCConfigurationList section */
		A70000001 /* Build configuration list for PBXNativeTarget "Montogo" */ = {
			isa = XCConfigurationList;
			buildConfigurations = (
				A70000010 /* Debug */,
				A70000011 /* Release */,
			);
			defaultConfigurationIsVisible = 0;
			defaultConfigurationName = Release;
		};
		A70000002 /* Build configuration list for PBXProject "Montogo" */ = {
			isa = XCConfigurationList;
			buildConfigurations = (
				A70000020 /* Debug */,
				A70000021 /* Release */,
			);
			defaultConfigurationIsVisible = 0;
			defaultConfigurationName = Release;
		};
/* End XCConfigurationList section */

	};
	rootObject = A90000001 /* Project object */;
}
